
Microsoft Visual Studio Solution File, Format Version 12.00
# Visual Studio Version 16
VisualStudioVersion = 16.0.32630.194
MinimumVisualStudioVersion = 10.0.40219.1
Project("{FAE04EC0-301F-11D3-BF4B-00C04F79EFBC}") = "Q3", "Q3\Q3.csproj", "{5970DA13-CB0A-41E4-8B2F-3FD9A5C67019}"
EndProject
Global
	GlobalSection(SolutionConfigurationPlatforms) = preSolution
		Debug|Any CPU = Debug|Any CPU
		Release|Any CPU = Release|Any CPU
	EndGlobalSection
	GlobalSection(ProjectConfigurationPlatforms) = postSolution
		{5970DA13-CB0A-41E4-8B2F-3FD9A5C67019}.Debug|Any CPU.ActiveCfg = Debug|Any CPU
		{5970DA13-CB0A-41E4-8B2F-3FD9A5C67019}.Debug|Any CPU.Build.0 = Debug|Any CPU
		{5970DA13-CB0A-41E4-8B2F-3FD9A5C67019}.Release|Any CPU.ActiveCfg = Release|Any CPU
		{5970DA13-CB0A-41E4-8B2F-3FD9A5C67019}.Release|Any CPU.Build.0 = Release|Any CPU
	EndGlobalSection
	GlobalSection(SolutionProperties) = preSolution
		HideSolutionNode = FALSE
	EndGlobalSection
	GlobalSection(ExtensibilityGlobals) = postSolution
		SolutionGuid = {EDB22AA2-0386-48F0-8577-371946E7F992}
	EndGlobalSection
EndGlobal
