
Microsoft Visual Studio Solution File, Format Version 12.00
# Visual Studio Version 16
VisualStudioVersion = 16.0.32630.194
MinimumVisualStudioVersion = 10.0.40219.1
Project("{FAE04EC0-301F-11D3-BF4B-00C04F79EFBC}") = "Q6", "Q6\Q6.csproj", "{AC57D03A-02D9-432C-84B5-B2825A3CCCAB}"
EndProject
Global
	GlobalSection(SolutionConfigurationPlatforms) = preSolution
		Debug|Any CPU = Debug|Any CPU
		Release|Any CPU = Release|Any CPU
	EndGlobalSection
	GlobalSection(ProjectConfigurationPlatforms) = postSolution
		{AC57D03A-02D9-432C-84B5-B2825A3CCCAB}.Debug|Any CPU.ActiveCfg = Debug|Any CPU
		{AC57D03A-02D9-432C-84B5-B2825A3CCCAB}.Debug|Any CPU.Build.0 = Debug|Any CPU
		{AC57D03A-02D9-432C-84B5-B2825A3CCCAB}.Release|Any CPU.ActiveCfg = Release|Any CPU
		{AC57D03A-02D9-432C-84B5-B2825A3CCCAB}.Release|Any CPU.Build.0 = Release|Any CPU
	EndGlobalSection
	GlobalSection(SolutionProperties) = preSolution
		HideSolutionNode = FALSE
	EndGlobalSection
	GlobalSection(ExtensibilityGlobals) = postSolution
		SolutionGuid = {96AEDE31-B37B-4778-A7C3-F56109CCE5F9}
	EndGlobalSection
EndGlobal
